// !$*UTF8*$!
{
	archiveVersion = 1;
	classes = {
	};
	objectVersion = 54;
	objects = {

/* Begin PBXBuildFile section */
		012A19032C23404EB8B7534F /* Exo2-BlackItalic.ttf in Resources */ = {isa = PBXBuildFile; fileRef = BE07BBC6191544BD823AB744 /* Exo2-BlackItalic.ttf */; };
		0C80B921A6F3F58F76C31292 /* libPods-Lunea.a in Frameworks */ = {isa = PBXBuildFile; fileRef = 5DCACB8F33CDC322A6C60F78 /* libPods-Lunea.a */; };
		13B07FBF1A68108700A75B9A /* Images.xcassets in Resources */ = {isa = PBXBuildFile; fileRef = 13B07FB51A68108700A75B9A /* Images.xcassets */; };
		1CD8A53151E64FE18EFF7CDC /* Exo2-ThinItalic.ttf in Resources */ = {isa = PBXBuildFile; fileRef = DC6EEE0AE5E347F488970517 /* Exo2-ThinItalic.ttf */; };
		294381B9C2C721953ACED672 /* PrivacyInfo.xcprivacy in Resources */ = {isa = PBXBuildFile; fileRef = 13B07FB81A68108700A75B9A /* PrivacyInfo.xcprivacy */; };
		2D9DE48BCFD246B5911A0564 /* Exo2-Medium.ttf in Resources */ = {isa = PBXBuildFile; fileRef = 27F8548B73F5487DBC82AC08 /* Exo2-Medium.ttf */; };
		3E7AC1316FD8477B89B5344B /* Exo2-Bold.ttf in Resources */ = {isa = PBXBuildFile; fileRef = F1AEE422A7514D25A0B72546 /* Exo2-Bold.ttf */; };
		42037D0E0EA447038E1F596D /* Exo2-MediumItalic.ttf in Resources */ = {isa = PBXBuildFile; fileRef = 1D1AE276AB904EBBB691AC18 /* Exo2-MediumItalic.ttf */; };
		4E7227BF15B14CA5BD325879 /* Exo2-VariableFont_wght.ttf in Resources */ = {isa = PBXBuildFile; fileRef = 027BBA0E413240538ECAF94B /* Exo2-VariableFont_wght.ttf */; };
		5C2852F5F0974156B6D5A847 /* Exo2-ExtraBold.ttf in Resources */ = {isa = PBXBuildFile; fileRef = 8808993BC8BC40518EEE7BDE /* Exo2-ExtraBold.ttf */; };
		60C23FF7F75B4EF6AEA42F50 /* OFL.txt in Resources */ = {isa = PBXBuildFile; fileRef = 111C89A9C458419090245971 /* OFL.txt */; };
		761780ED2CA45674006654EE /* AppDelegate.swift in Sources */ = {isa = PBXBuildFile; fileRef = 761780EC2CA45674006654EE /* AppDelegate.swift */; };
		81AB9BB82411601600AC10FF /* LaunchScreen.storyboard in Resources */ = {isa = PBXBuildFile; fileRef = 81AB9BB72411601600AC10FF /* LaunchScreen.storyboard */; };
		92398FD57DC849299C201D58 /* Exo2-ExtraBoldItalic.ttf in Resources */ = {isa = PBXBuildFile; fileRef = DD284BBC935B491DBF694F8F /* Exo2-ExtraBoldItalic.ttf */; };
		94BA95D6F0D04722BB065801 /* Exo2-SemiBoldItalic.ttf in Resources */ = {isa = PBXBuildFile; fileRef = 06FD1219B7D14E31B69A83E2 /* Exo2-SemiBoldItalic.ttf */; };
		965FA93901C04AEE97C5F956 /* Exo2-Italic-VariableFont_wght.ttf in Resources */ = {isa = PBXBuildFile; fileRef = 30D36D653E0B4B95996C45AF /* Exo2-Italic-VariableFont_wght.ttf */; };
		983DFE9C239F4FBEBB8D7E02 /* Exo2-Thin.ttf in Resources */ = {isa = PBXBuildFile; fileRef = 3EC079234F2E463387AE463E /* Exo2-Thin.ttf */; };
		9DB117F69EA943029B75F4E7 /* Exo2-Light.ttf in Resources */ = {isa = PBXBuildFile; fileRef = CA6ADFA23F5747FFAB1C0232 /* Exo2-Light.ttf */; };
		AD446F2CD1024FED91B954EC /* README.txt in Resources */ = {isa = PBXBuildFile; fileRef = 48232DCCABF34726866109FB /* README.txt */; };
		AE48A7F39AE04095A700DD0A /* Exo2-Black.ttf in Resources */ = {isa = PBXBuildFile; fileRef = C9C2E676D38F4B48A8C31094 /* Exo2-Black.ttf */; };
		C3567AE9AA93449FA50123E9 /* Exo2-ExtraLight.ttf in Resources */ = {isa = PBXBuildFile; fileRef = 8BA884B2681C4F68A3037FF5 /* Exo2-ExtraLight.ttf */; };
		E7E408E9F57C424EA32163FD /* Exo2-Italic.ttf in Resources */ = {isa = PBXBuildFile; fileRef = 0976E132B3E24937AF07E5D1 /* Exo2-Italic.ttf */; };
		E884F790B289492BBABA2344 /* Exo2-SemiBold.ttf in Resources */ = {isa = PBXBuildFile; fileRef = 783DA395B01E4BFD982FB098 /* Exo2-SemiBold.ttf */; };
		EAF7AE113A364444A55E1DC7 /* Exo2-BoldItalic.ttf in Resources */ = {isa = PBXBuildFile; fileRef = 35D24C8E90184F0AA539FF47 /* Exo2-BoldItalic.ttf */; };
		F5C79881530048AE90116B2C /* Exo2-Regular.ttf in Resources */ = {isa = PBXBuildFile; fileRef = D9C79CFE331B478B9EE49D22 /* Exo2-Regular.ttf */; };
		F79DAE7635DE44779ED5E85B /* Exo2-ExtraLightItalic.ttf in Resources */ = {isa = PBXBuildFile; fileRef = C4B595E9604E40A7ABBF2B05 /* Exo2-ExtraLightItalic.ttf */; };
		FECAA64DBD0C416B9050C7A3 /* Exo2-LightItalic.ttf in Resources */ = {isa = PBXBuildFile; fileRef = A3A6A876DB654173A0235CB2 /* Exo2-LightItalic.ttf */; };
/* End PBXBuildFile section */

/* Begin PBXFileReference section */
		027BBA0E413240538ECAF94B /* Exo2-VariableFont_wght.ttf */ = {isa = PBXFileReference; explicitFileType = undefined; fileEncoding = 9; includeInIndex = 0; lastKnownFileType = unknown; name = "Exo2-VariableFont_wght.ttf"; path = "../src/core/assets/fonts/Exo_2/Exo2-VariableFont_wght.ttf"; sourceTree = "<group>"; };
		06FD1219B7D14E31B69A83E2 /* Exo2-SemiBoldItalic.ttf */ = {isa = PBXFileReference; explicitFileType = undefined; fileEncoding = 9; includeInIndex = 0; lastKnownFileType = unknown; name = "Exo2-SemiBoldItalic.ttf"; path = "../src/core/assets/fonts/Exo_2/static/Exo2-SemiBoldItalic.ttf"; sourceTree = "<group>"; };
		0976E132B3E24937AF07E5D1 /* Exo2-Italic.ttf */ = {isa = PBXFileReference; explicitFileType = undefined; fileEncoding = 9; includeInIndex = 0; lastKnownFileType = unknown; name = "Exo2-Italic.ttf"; path = "../src/core/assets/fonts/Exo_2/static/Exo2-Italic.ttf"; sourceTree = "<group>"; };
		111C89A9C458419090245971 /* OFL.txt */ = {isa = PBXFileReference; explicitFileType = undefined; fileEncoding = 9; includeInIndex = 0; lastKnownFileType = unknown; name = OFL.txt; path = ../src/core/assets/fonts/Exo_2/OFL.txt; sourceTree = "<group>"; };
		13B07F961A680F5B00A75B9A /* Lunea.app */ = {isa = PBXFileReference; explicitFileType = wrapper.application; includeInIndex = 0; path = Lunea.app; sourceTree = BUILT_PRODUCTS_DIR; };
		13B07FB51A68108700A75B9A /* Images.xcassets */ = {isa = PBXFileReference; lastKnownFileType = folder.assetcatalog; name = Images.xcassets; path = Lunea/Images.xcassets; sourceTree = "<group>"; };
		13B07FB61A68108700A75B9A /* Info.plist */ = {isa = PBXFileReference; fileEncoding = 4; lastKnownFileType = text.plist.xml; name = Info.plist; path = Lunea/Info.plist; sourceTree = "<group>"; };
		13B07FB81A68108700A75B9A /* PrivacyInfo.xcprivacy */ = {isa = PBXFileReference; fileEncoding = 4; lastKnownFileType = text.plist.xml; name = PrivacyInfo.xcprivacy; path = Lunea/PrivacyInfo.xcprivacy; sourceTree = "<group>"; };
		1D1AE276AB904EBBB691AC18 /* Exo2-MediumItalic.ttf */ = {isa = PBXFileReference; explicitFileType = undefined; fileEncoding = 9; includeInIndex = 0; lastKnownFileType = unknown; name = "Exo2-MediumItalic.ttf"; path = "../src/core/assets/fonts/Exo_2/static/Exo2-MediumItalic.ttf"; sourceTree = "<group>"; };
		27F8548B73F5487DBC82AC08 /* Exo2-Medium.ttf */ = {isa = PBXFileReference; explicitFileType = undefined; fileEncoding = 9; includeInIndex = 0; lastKnownFileType = unknown; name = "Exo2-Medium.ttf"; path = "../src/core/assets/fonts/Exo_2/static/Exo2-Medium.ttf"; sourceTree = "<group>"; };
		30D36D653E0B4B95996C45AF /* Exo2-Italic-VariableFont_wght.ttf */ = {isa = PBXFileReference; explicitFileType = undefined; fileEncoding = 9; includeInIndex = 0; lastKnownFileType = unknown; name = "Exo2-Italic-VariableFont_wght.ttf"; path = "../src/core/assets/fonts/Exo_2/Exo2-Italic-VariableFont_wght.ttf"; sourceTree = "<group>"; };
		35D24C8E90184F0AA539FF47 /* Exo2-BoldItalic.ttf */ = {isa = PBXFileReference; explicitFileType = undefined; fileEncoding = 9; includeInIndex = 0; lastKnownFileType = unknown; name = "Exo2-BoldItalic.ttf"; path = "../src/core/assets/fonts/Exo_2/static/Exo2-BoldItalic.ttf"; sourceTree = "<group>"; };
		3B4392A12AC88292D35C810B /* Pods-Lunea.debug.xcconfig */ = {isa = PBXFileReference; includeInIndex = 1; lastKnownFileType = text.xcconfig; name = "Pods-Lunea.debug.xcconfig"; path = "Target Support Files/Pods-Lunea/Pods-Lunea.debug.xcconfig"; sourceTree = "<group>"; };
		3EC079234F2E463387AE463E /* Exo2-Thin.ttf */ = {isa = PBXFileReference; explicitFileType = undefined; fileEncoding = 9; includeInIndex = 0; lastKnownFileType = unknown; name = "Exo2-Thin.ttf"; path = "../src/core/assets/fonts/Exo_2/static/Exo2-Thin.ttf"; sourceTree = "<group>"; };
		48232DCCABF34726866109FB /* README.txt */ = {isa = PBXFileReference; explicitFileType = undefined; fileEncoding = 9; includeInIndex = 0; lastKnownFileType = unknown; name = README.txt; path = ../src/core/assets/fonts/Exo_2/README.txt; sourceTree = "<group>"; };
		5709B34CF0A7D63546082F79 /* Pods-Lunea.release.xcconfig */ = {isa = PBXFileReference; includeInIndex = 1; lastKnownFileType = text.xcconfig; name = "Pods-Lunea.release.xcconfig"; path = "Target Support Files/Pods-Lunea/Pods-Lunea.release.xcconfig"; sourceTree = "<group>"; };
		5DCACB8F33CDC322A6C60F78 /* libPods-Lunea.a */ = {isa = PBXFileReference; explicitFileType = archive.ar; includeInIndex = 0; path = "libPods-Lunea.a"; sourceTree = BUILT_PRODUCTS_DIR; };
		761780EC2CA45674006654EE /* AppDelegate.swift */ = {isa = PBXFileReference; lastKnownFileType = sourcecode.swift; name = AppDelegate.swift; path = Lunea/AppDelegate.swift; sourceTree = "<group>"; };
		783DA395B01E4BFD982FB098 /* Exo2-SemiBold.ttf */ = {isa = PBXFileReference; explicitFileType = undefined; fileEncoding = 9; includeInIndex = 0; lastKnownFileType = unknown; name = "Exo2-SemiBold.ttf"; path = "../src/core/assets/fonts/Exo_2/static/Exo2-SemiBold.ttf"; sourceTree = "<group>"; };
		81AB9BB72411601600AC10FF /* LaunchScreen.storyboard */ = {isa = PBXFileReference; fileEncoding = 4; lastKnownFileType = file.storyboard; name = LaunchScreen.storyboard; path = Lunea/LaunchScreen.storyboard; sourceTree = "<group>"; };
		8808993BC8BC40518EEE7BDE /* Exo2-ExtraBold.ttf */ = {isa = PBXFileReference; explicitFileType = undefined; fileEncoding = 9; includeInIndex = 0; lastKnownFileType = unknown; name = "Exo2-ExtraBold.ttf"; path = "../src/core/assets/fonts/Exo_2/static/Exo2-ExtraBold.ttf"; sourceTree = "<group>"; };
		8BA884B2681C4F68A3037FF5 /* Exo2-ExtraLight.ttf */ = {isa = PBXFileReference; explicitFileType = undefined; fileEncoding = 9; includeInIndex = 0; lastKnownFileType = unknown; name = "Exo2-ExtraLight.ttf"; path = "../src/core/assets/fonts/Exo_2/static/Exo2-ExtraLight.ttf"; sourceTree = "<group>"; };
		A3A6A876DB654173A0235CB2 /* Exo2-LightItalic.ttf */ = {isa = PBXFileReference; explicitFileType = undefined; fileEncoding = 9; includeInIndex = 0; lastKnownFileType = unknown; name = "Exo2-LightItalic.ttf"; path = "../src/core/assets/fonts/Exo_2/static/Exo2-LightItalic.ttf"; sourceTree = "<group>"; };
		BE07BBC6191544BD823AB744 /* Exo2-BlackItalic.ttf */ = {isa = PBXFileReference; explicitFileType = undefined; fileEncoding = 9; includeInIndex = 0; lastKnownFileType = unknown; name = "Exo2-BlackItalic.ttf"; path = "../src/core/assets/fonts/Exo_2/static/Exo2-BlackItalic.ttf"; sourceTree = "<group>"; };
		C4B595E9604E40A7ABBF2B05 /* Exo2-ExtraLightItalic.ttf */ = {isa = PBXFileReference; explicitFileType = undefined; fileEncoding = 9; includeInIndex = 0; lastKnownFileType = unknown; name = "Exo2-ExtraLightItalic.ttf"; path = "../src/core/assets/fonts/Exo_2/static/Exo2-ExtraLightItalic.ttf"; sourceTree = "<group>"; };
		C9C2E676D38F4B48A8C31094 /* Exo2-Black.ttf */ = {isa = PBXFileReference; explicitFileType = undefined; fileEncoding = 9; includeInIndex = 0; lastKnownFileType = unknown; name = "Exo2-Black.ttf"; path = "../src/core/assets/fonts/Exo_2/static/Exo2-Black.ttf"; sourceTree = "<group>"; };
		CA6ADFA23F5747FFAB1C0232 /* Exo2-Light.ttf */ = {isa = PBXFileReference; explicitFileType = undefined; fileEncoding = 9; includeInIndex = 0; lastKnownFileType = unknown; name = "Exo2-Light.ttf"; path = "../src/core/assets/fonts/Exo_2/static/Exo2-Light.ttf"; sourceTree = "<group>"; };
		D9C79CFE331B478B9EE49D22 /* Exo2-Regular.ttf */ = {isa = PBXFileReference; explicitFileType = undefined; fileEncoding = 9; includeInIndex = 0; lastKnownFileType = unknown; name = "Exo2-Regular.ttf"; path = "../src/core/assets/fonts/Exo_2/static/Exo2-Regular.ttf"; sourceTree = "<group>"; };
		DC6EEE0AE5E347F488970517 /* Exo2-ThinItalic.ttf */ = {isa = PBXFileReference; explicitFileType = undefined; fileEncoding = 9; includeInIndex = 0; lastKnownFileType = unknown; name = "Exo2-ThinItalic.ttf"; path = "../src/core/assets/fonts/Exo_2/static/Exo2-ThinItalic.ttf"; sourceTree = "<group>"; };
		DD284BBC935B491DBF694F8F /* Exo2-ExtraBoldItalic.ttf */ = {isa = PBXFileReference; explicitFileType = undefined; fileEncoding = 9; includeInIndex = 0; lastKnownFileType = unknown; name = "Exo2-ExtraBoldItalic.ttf"; path = "../src/core/assets/fonts/Exo_2/static/Exo2-ExtraBoldItalic.ttf"; sourceTree = "<group>"; };
		ED297162215061F000B7C4FE /* JavaScriptCore.framework */ = {isa = PBXFileReference; lastKnownFileType = wrapper.framework; name = JavaScriptCore.framework; path = System/Library/Frameworks/JavaScriptCore.framework; sourceTree = SDKROOT; };
		F1AEE422A7514D25A0B72546 /* Exo2-Bold.ttf */ = {isa = PBXFileReference; explicitFileType = undefined; fileEncoding = 9; includeInIndex = 0; lastKnownFileType = unknown; name = "Exo2-Bold.ttf"; path = "../src/core/assets/fonts/Exo_2/static/Exo2-Bold.ttf"; sourceTree = "<group>"; };
/* End PBXFileReference section */

/* Begin PBXFrameworksBuildPhase section */
		13B07F8C1A680F5B00A75B9A /* Frameworks */ = {
			isa = PBXFrameworksBuildPhase;
			buildActionMask = 2147483647;
			files = (
				0C80B921A6F3F58F76C31292 /* libPods-Lunea.a in Frameworks */,
			);
			runOnlyForDeploymentPostprocessing = 0;
		};
/* End PBXFrameworksBuildPhase section */

/* Begin PBXGroup section */
		13B07FAE1A68108700A75B9A /* Lunea */ = {
			isa = PBXGroup;
			children = (
				13B07FB51A68108700A75B9A /* Images.xcassets */,
				761780EC2CA45674006654EE /* AppDelegate.swift */,
				13B07FB61A68108700A75B9A /* Info.plist */,
				81AB9BB72411601600AC10FF /* LaunchScreen.storyboard */,
				13B07FB81A68108700A75B9A /* PrivacyInfo.xcprivacy */,
			);
			name = Lunea;
			sourceTree = "<group>";
		};
		14D3575916C24B23B14138D3 /* Resources */ = {
			isa = PBXGroup;
			children = (
				30D36D653E0B4B95996C45AF /* Exo2-Italic-VariableFont_wght.ttf */,
				027BBA0E413240538ECAF94B /* Exo2-VariableFont_wght.ttf */,
				C9C2E676D38F4B48A8C31094 /* Exo2-Black.ttf */,
				BE07BBC6191544BD823AB744 /* Exo2-BlackItalic.ttf */,
				F1AEE422A7514D25A0B72546 /* Exo2-Bold.ttf */,
				35D24C8E90184F0AA539FF47 /* Exo2-BoldItalic.ttf */,
				8808993BC8BC40518EEE7BDE /* Exo2-ExtraBold.ttf */,
				DD284BBC935B491DBF694F8F /* Exo2-ExtraBoldItalic.ttf */,
				8BA884B2681C4F68A3037FF5 /* Exo2-ExtraLight.ttf */,
				C4B595E9604E40A7ABBF2B05 /* Exo2-ExtraLightItalic.ttf */,
				0976E132B3E24937AF07E5D1 /* Exo2-Italic.ttf */,
				CA6ADFA23F5747FFAB1C0232 /* Exo2-Light.ttf */,
				A3A6A876DB654173A0235CB2 /* Exo2-LightItalic.ttf */,
				27F8548B73F5487DBC82AC08 /* Exo2-Medium.ttf */,
				1D1AE276AB904EBBB691AC18 /* Exo2-MediumItalic.ttf */,
				D9C79CFE331B478B9EE49D22 /* Exo2-Regular.ttf */,
				783DA395B01E4BFD982FB098 /* Exo2-SemiBold.ttf */,
				06FD1219B7D14E31B69A83E2 /* Exo2-SemiBoldItalic.ttf */,
				3EC079234F2E463387AE463E /* Exo2-Thin.ttf */,
				DC6EEE0AE5E347F488970517 /* Exo2-ThinItalic.ttf */,
				111C89A9C458419090245971 /* OFL.txt */,
				48232DCCABF34726866109FB /* README.txt */,
			);
			name = Resources;
			sourceTree = "<group>";
		};
		2D16E6871FA4F8E400B85C8A /* Frameworks */ = {
			isa = PBXGroup;
			children = (
				ED297162215061F000B7C4FE /* JavaScriptCore.framework */,
				5DCACB8F33CDC322A6C60F78 /* libPods-Lunea.a */,
			);
			name = Frameworks;
			sourceTree = "<group>";
		};
		832341AE1AAA6A7D00B99B32 /* Libraries */ = {
			isa = PBXGroup;
			children = (
			);
			name = Libraries;
			sourceTree = "<group>";
		};
		83CBB9F61A601CBA00E9B192 = {
			isa = PBXGroup;
			children = (
				13B07FAE1A68108700A75B9A /* Lunea */,
				832341AE1AAA6A7D00B99B32 /* Libraries */,
				83CBBA001A601CBA00E9B192 /* Products */,
				2D16E6871FA4F8E400B85C8A /* Frameworks */,
				BBD78D7AC51CEA395F1C20DB /* Pods */,
				14D3575916C24B23B14138D3 /* Resources */,
			);
			indentWidth = 2;
			sourceTree = "<group>";
			tabWidth = 2;
			usesTabs = 0;
		};
		83CBBA001A601CBA00E9B192 /* Products */ = {
			isa = PBXGroup;
			children = (
				13B07F961A680F5B00A75B9A /* Lunea.app */,
			);
			name = Products;
			sourceTree = "<group>";
		};
		BBD78D7AC51CEA395F1C20DB /* Pods */ = {
			isa = PBXGroup;
			children = (
				3B4392A12AC88292D35C810B /* Pods-Lunea.debug.xcconfig */,
				5709B34CF0A7D63546082F79 /* Pods-Lunea.release.xcconfig */,
			);
			path = Pods;
			sourceTree = "<group>";
		};
/* End PBXGroup section */

/* Begin PBXNativeTarget section */
		13B07F861A680F5B00A75B9A /* Lunea */ = {
			isa = PBXNativeTarget;
			buildConfigurationList = 13B07F931A680F5B00A75B9A /* Build configuration list for PBXNativeTarget "Lunea" */;
			buildPhases = (
				C38B50BA6285516D6DCD4F65 /* [CP] Check Pods Manifest.lock */,
				13B07F871A680F5B00A75B9A /* Sources */,
				13B07F8C1A680F5B00A75B9A /* Frameworks */,
				13B07F8E1A680F5B00A75B9A /* Resources */,
				00DD1BFF1BD5951E006B06BC /* Bundle React Native code and images */,
				00EEFC60759A1932668264C0 /* [CP] Embed Pods Frameworks */,
				E235C05ADACE081382539298 /* [CP] Copy Pods Resources */,
			);
			buildRules = (
			);
			dependencies = (
			);
			name = Lunea;
			productName = Lunea;
			productReference = 13B07F961A680F5B00A75B9A /* Lunea.app */;
			productType = "com.apple.product-type.application";
		};
/* End PBXNativeTarget section */

/* Begin PBXProject section */
		83CBB9F71A601CBA00E9B192 /* Project object */ = {
			isa = PBXProject;
			attributes = {
				LastUpgradeCheck = 1210;
				TargetAttributes = {
					13B07F861A680F5B00A75B9A = {
						LastSwiftMigration = 1120;
					};
				};
			};
			buildConfigurationList = 83CBB9FA1A601CBA00E9B192 /* Build configuration list for PBXProject "Lunea" */;
			compatibilityVersion = "Xcode 12.0";
			developmentRegion = en;
			hasScannedForEncodings = 0;
			knownRegions = (
				en,
				Base,
			);
			mainGroup = 83CBB9F61A601CBA00E9B192;
			productRefGroup = 83CBBA001A601CBA00E9B192 /* Products */;
			projectDirPath = "";
			projectRoot = "";
			targets = (
				13B07F861A680F5B00A75B9A /* Lunea */,
			);
		};
/* End PBXProject section */

/* Begin PBXResourcesBuildPhase section */
		13B07F8E1A680F5B00A75B9A /* Resources */ = {
			isa = PBXResourcesBuildPhase;
			buildActionMask = 2147483647;
			files = (
				81AB9BB82411601600AC10FF /* LaunchScreen.storyboard in Resources */,
				13B07FBF1A68108700A75B9A /* Images.xcassets in Resources */,
				294381B9C2C721953ACED672 /* PrivacyInfo.xcprivacy in Resources */,
				965FA93901C04AEE97C5F956 /* Exo2-Italic-VariableFont_wght.ttf in Resources */,
				4E7227BF15B14CA5BD325879 /* Exo2-VariableFont_wght.ttf in Resources */,
				AE48A7F39AE04095A700DD0A /* Exo2-Black.ttf in Resources */,
				012A19032C23404EB8B7534F /* Exo2-BlackItalic.ttf in Resources */,
				3E7AC1316FD8477B89B5344B /* Exo2-Bold.ttf in Resources */,
				EAF7AE113A364444A55E1DC7 /* Exo2-BoldItalic.ttf in Resources */,
				5C2852F5F0974156B6D5A847 /* Exo2-ExtraBold.ttf in Resources */,
				92398FD57DC849299C201D58 /* Exo2-ExtraBoldItalic.ttf in Resources */,
				C3567AE9AA93449FA50123E9 /* Exo2-ExtraLight.ttf in Resources */,
				F79DAE7635DE44779ED5E85B /* Exo2-ExtraLightItalic.ttf in Resources */,
				E7E408E9F57C424EA32163FD /* Exo2-Italic.ttf in Resources */,
				9DB117F69EA943029B75F4E7 /* Exo2-Light.ttf in Resources */,
				FECAA64DBD0C416B9050C7A3 /* Exo2-LightItalic.ttf in Resources */,
				2D9DE48BCFD246B5911A0564 /* Exo2-Medium.ttf in Resources */,
				42037D0E0EA447038E1F596D /* Exo2-MediumItalic.ttf in Resources */,
				F5C79881530048AE90116B2C /* Exo2-Regular.ttf in Resources */,
				E884F790B289492BBABA2344 /* Exo2-SemiBold.ttf in Resources */,
				94BA95D6F0D04722BB065801 /* Exo2-SemiBoldItalic.ttf in Resources */,
				983DFE9C239F4FBEBB8D7E02 /* Exo2-Thin.ttf in Resources */,
				1CD8A53151E64FE18EFF7CDC /* Exo2-ThinItalic.ttf in Resources */,
				60C23FF7F75B4EF6AEA42F50 /* OFL.txt in Resources */,
				AD446F2CD1024FED91B954EC /* README.txt in Resources */,
			);
			runOnlyForDeploymentPostprocessing = 0;
		};
/* End PBXResourcesBuildPhase section */

/* Begin PBXShellScriptBuildPhase section */
		00DD1BFF1BD5951E006B06BC /* Bundle React Native code and images */ = {
			isa = PBXShellScriptBuildPhase;
			buildActionMask = 2147483647;
			files = (
			);
			inputPaths = (
				"$(SRCROOT)/.xcode.env.local",
				"$(SRCROOT)/.xcode.env",
			);
			name = "Bundle React Native code and images";
			outputPaths = (
			);
			runOnlyForDeploymentPostprocessing = 0;
			shellPath = /bin/sh;
			shellScript = "set -e\n\nWITH_ENVIRONMENT=\"$REACT_NATIVE_PATH/scripts/xcode/with-environment.sh\"\nREACT_NATIVE_XCODE=\"$REACT_NATIVE_PATH/scripts/react-native-xcode.sh\"\n\n/bin/sh -c \"\\\"$WITH_ENVIRONMENT\\\" \\\"$REACT_NATIVE_XCODE\\\"\"\n";
		};
		00EEFC60759A1932668264C0 /* [CP] Embed Pods Frameworks */ = {
			isa = PBXShellScriptBuildPhase;
			buildActionMask = 2147483647;
			files = (
			);
			inputFileListPaths = (
				"${PODS_ROOT}/Target Support Files/Pods-Lunea/Pods-Lunea-frameworks-${CONFIGURATION}-input-files.xcfilelist",
			);
			name = "[CP] Embed Pods Frameworks";
			outputFileListPaths = (
				"${PODS_ROOT}/Target Support Files/Pods-Lunea/Pods-Lunea-frameworks-${CONFIGURATION}-output-files.xcfilelist",
			);
			runOnlyForDeploymentPostprocessing = 0;
			shellPath = /bin/sh;
			shellScript = "\"${PODS_ROOT}/Target Support Files/Pods-Lunea/Pods-Lunea-frameworks.sh\"\n";
			showEnvVarsInLog = 0;
		};
		C38B50BA6285516D6DCD4F65 /* [CP] Check Pods Manifest.lock */ = {
			isa = PBXShellScriptBuildPhase;
			buildActionMask = 2147483647;
			files = (
			);
			inputFileListPaths = (
			);
			inputPaths = (
				"${PODS_PODFILE_DIR_PATH}/Podfile.lock",
				"${PODS_ROOT}/Manifest.lock",
			);
			name = "[CP] Check Pods Manifest.lock";
			outputFileListPaths = (
			);
			outputPaths = (
				"$(DERIVED_FILE_DIR)/Pods-Lunea-checkManifestLockResult.txt",
			);
			runOnlyForDeploymentPostprocessing = 0;
			shellPath = /bin/sh;
			shellScript = "diff \"${PODS_PODFILE_DIR_PATH}/Podfile.lock\" \"${PODS_ROOT}/Manifest.lock\" > /dev/null\nif [ $? != 0 ] ; then\n    # print error to STDERR\n    echo \"error: The sandbox is not in sync with the Podfile.lock. Run 'pod install' or update your CocoaPods installation.\" >&2\n    exit 1\nfi\n# This output is used by Xcode 'outputs' to avoid re-running this script phase.\necho \"SUCCESS\" > \"${SCRIPT_OUTPUT_FILE_0}\"\n";
			showEnvVarsInLog = 0;
		};
		E235C05ADACE081382539298 /* [CP] Copy Pods Resources */ = {
			isa = PBXShellScriptBuildPhase;
			buildActionMask = 2147483647;
			files = (
			);
			inputFileListPaths = (
				"${PODS_ROOT}/Target Support Files/Pods-Lunea/Pods-Lunea-resources-${CONFIGURATION}-input-files.xcfilelist",
			);
			name = "[CP] Copy Pods Resources";
			outputFileListPaths = (
				"${PODS_ROOT}/Target Support Files/Pods-Lunea/Pods-Lunea-resources-${CONFIGURATION}-output-files.xcfilelist",
			);
			runOnlyForDeploymentPostprocessing = 0;
			shellPath = /bin/sh;
			shellScript = "\"${PODS_ROOT}/Target Support Files/Pods-Lunea/Pods-Lunea-resources.sh\"\n";
			showEnvVarsInLog = 0;
		};
/* End PBXShellScriptBuildPhase section */

/* Begin PBXSourcesBuildPhase section */
		13B07F871A680F5B00A75B9A /* Sources */ = {
			isa = PBXSourcesBuildPhase;
			buildActionMask = 2147483647;
			files = (
				761780ED2CA45674006654EE /* AppDelegate.swift in Sources */,
			);
			runOnlyForDeploymentPostprocessing = 0;
		};
/* End PBXSourcesBuildPhase section */

/* Begin XCBuildConfiguration section */
		13B07F941A680F5B00A75B9A /* Debug */ = {
			isa = XCBuildConfiguration;
			baseConfigurationReference = 3B4392A12AC88292D35C810B /* Pods-Lunea.debug.xcconfig */;
			buildSettings = {
				ASSETCATALOG_COMPILER_APPICON_NAME = AppIcon;
				CLANG_ENABLE_MODULES = YES;
				CURRENT_PROJECT_VERSION = 1;
				DEVELOPMENT_TEAM = 4P5LMLNMPY;
				ENABLE_BITCODE = NO;
				INFOPLIST_FILE = Lunea/Info.plist;
				INFOPLIST_KEY_CFBundleDisplayName = Lunea;
				IPHONEOS_DEPLOYMENT_TARGET = 15.1;
				LD_RUNPATH_SEARCH_PATHS = (
					"$(inherited)",
					"@executable_path/Frameworks",
				);
				MARKETING_VERSION = 1.0;
				OTHER_LDFLAGS = (
					"$(inherited)",
					"-ObjC",
					"-lc++",
				);
				PRODUCT_BUNDLE_IDENTIFIER = com.zukkc.lunea;
				"PRODUCT_BUNDLE_IDENTIFIER[sdk=iphoneos*]" = org.reactjs.native.Lunea;
				PRODUCT_NAME = Lunea;
				SUPPORTED_PLATFORMS = "iphoneos iphonesimulator";
				SWIFT_OPTIMIZATION_LEVEL = "-Onone";
				SWIFT_VERSION = 5.0;
				TARGETED_DEVICE_FAMILY = "1,2";
				VERSIONING_SYSTEM = "apple-generic";
			};
			name = Debug;
		};
		13B07F951A680F5B00A75B9A /* Release */ = {
			isa = XCBuildConfiguration;
			baseConfigurationReference = 5709B34CF0A7D63546082F79 /* Pods-Lunea.release.xcconfig */;
			buildSettings = {
				ASSETCATALOG_COMPILER_APPICON_NAME = AppIcon;
				CLANG_ENABLE_MODULES = YES;
				CURRENT_PROJECT_VERSION = 1;
				DEVELOPMENT_TEAM = 4P5LMLNMPY;
				INFOPLIST_FILE = Lunea/Info.plist;
				INFOPLIST_KEY_CFBundleDisplayName = Lunea;
				IPHONEOS_DEPLOYMENT_TARGET = 15.1;
				LD_RUNPATH_SEARCH_PATHS = (
					"$(inherited)",
					"@executable_path/Frameworks",
				);
				MARKETING_VERSION = 1.0;
				OTHER_LDFLAGS = (
					"$(inherited)",
					"-ObjC",
					"-lc++",
				);
				PRODUCT_BUNDLE_IDENTIFIER = com.zukkc.lunea;
				"PRODUCT_BUNDLE_IDENTIFIER[sdk=iphoneos*]" = org.reactjs.native.Lunea;
				PRODUCT_NAME = Lunea;
				SUPPORTED_PLATFORMS = "iphoneos iphonesimulator";
				SWIFT_VERSION = 5.0;
				TARGETED_DEVICE_FAMILY = "1,2";
				VERSIONING_SYSTEM = "apple-generic";
			};
			name = Release;
		};
		83CBBA201A601CBA00E9B192 /* Debug */ = {
			isa = XCBuildConfiguration;
			buildSettings = {
				ALWAYS_SEARCH_USER_PATHS = NO;
				CLANG_ANALYZER_LOCALIZABILITY_NONLOCALIZED = YES;
				CLANG_CXX_LANGUAGE_STANDARD = "c++20";
				CLANG_CXX_LIBRARY = "libc++";
				CLANG_ENABLE_MODULES = YES;
				CLANG_ENABLE_OBJC_ARC = YES;
				CLANG_WARN_BLOCK_CAPTURE_AUTORELEASING = YES;
				CLANG_WARN_BOOL_CONVERSION = YES;
				CLANG_WARN_COMMA = YES;
				CLANG_WARN_CONSTANT_CONVERSION = YES;
				CLANG_WARN_DEPRECATED_OBJC_IMPLEMENTATIONS = YES;
				CLANG_WARN_DIRECT_OBJC_ISA_USAGE = YES_ERROR;
				CLANG_WARN_EMPTY_BODY = YES;
				CLANG_WARN_ENUM_CONVERSION = YES;
				CLANG_WARN_INFINITE_RECURSION = YES;
				CLANG_WARN_INT_CONVERSION = YES;
				CLANG_WARN_NON_LITERAL_NULL_CONVERSION = YES;
				CLANG_WARN_OBJC_IMPLICIT_RETAIN_SELF = YES;
				CLANG_WARN_OBJC_LITERAL_CONVERSION = YES;
				CLANG_WARN_OBJC_ROOT_CLASS = YES_ERROR;
				CLANG_WARN_QUOTED_INCLUDE_IN_FRAMEWORK_HEADER = YES;
				CLANG_WARN_RANGE_LOOP_ANALYSIS = YES;
				CLANG_WARN_STRICT_PROTOTYPES = YES;
				CLANG_WARN_SUSPICIOUS_MOVE = YES;
				CLANG_WARN_UNREACHABLE_CODE = YES;
				CLANG_WARN__DUPLICATE_METHOD_MATCH = YES;
				"CODE_SIGN_IDENTITY[sdk=iphoneos*]" = "iPhone Developer";
				COPY_PHASE_STRIP = NO;
				ENABLE_STRICT_OBJC_MSGSEND = YES;
				ENABLE_TESTABILITY = YES;
				"EXCLUDED_ARCHS[sdk=iphonesimulator*]" = "";
				GCC_C_LANGUAGE_STANDARD = gnu99;
				GCC_DYNAMIC_NO_PIC = NO;
				GCC_NO_COMMON_BLOCKS = YES;
				GCC_OPTIMIZATION_LEVEL = 0;
				GCC_PREPROCESSOR_DEFINITIONS = (
					"DEBUG=1",
					"$(inherited)",
				);
				GCC_SYMBOLS_PRIVATE_EXTERN = NO;
				GCC_WARN_64_TO_32_BIT_CONVERSION = YES;
				GCC_WARN_ABOUT_RETURN_TYPE = YES_ERROR;
				GCC_WARN_UNDECLARED_SELECTOR = YES;
				GCC_WARN_UNINITIALIZED_AUTOS = YES_AGGRESSIVE;
				GCC_WARN_UNUSED_FUNCTION = YES;
				GCC_WARN_UNUSED_VARIABLE = YES;
				IPHONEOS_DEPLOYMENT_TARGET = 15.1;
				LD_RUNPATH_SEARCH_PATHS = (
					/usr/lib/swift,
					"$(inherited)",
				);
				LIBRARY_SEARCH_PATHS = (
					"\"$(SDKROOT)/usr/lib/swift\"",
					"\"$(TOOLCHAIN_DIR)/usr/lib/swift/$(PLATFORM_NAME)\"",
					"\"$(inherited)\"",
				);
				MTL_ENABLE_DEBUG_INFO = YES;
				ONLY_ACTIVE_ARCH = YES;
				OTHER_CPLUSPLUSFLAGS = (
					"$(OTHER_CFLAGS)",
					"-DFOLLY_NO_CONFIG",
					"-DFOLLY_MOBILE=1",
					"-DFOLLY_USE_LIBCPP=1",
					"-DFOLLY_CFG_NO_COROUTINES=1",
					"-DFOLLY_HAVE_CLOCK_GETTIME=1",
				);
				OTHER_LDFLAGS = (
					"$(inherited)",
					" ",
				);
				REACT_NATIVE_PATH = "${PODS_ROOT}/../../node_modules/react-native";
				SDKROOT = iphoneos;
				SWIFT_ACTIVE_COMPILATION_CONDITIONS = "$(inherited) DEBUG";
				USE_HERMES = true;
			};
			name = Debug;
		};
		83CBBA211A601CBA00E9B192 /* Release */ = {
			isa = XCBuildConfiguration;
			buildSettings = {
				ALWAYS_SEARCH_USER_PATHS = NO;
				CLANG_ANALYZER_LOCALIZABILITY_NONLOCALIZED = YES;
				CLANG_CXX_LANGUAGE_STANDARD = "c++20";
				CLANG_CXX_LIBRARY = "libc++";
				CLANG_ENABLE_MODULES = YES;
				CLANG_ENABLE_OBJC_ARC = YES;
				CLANG_WARN_BLOCK_CAPTURE_AUTORELEASING = YES;
				CLANG_WARN_BOOL_CONVERSION = YES;
				CLANG_WARN_COMMA = YES;
				CLANG_WARN_CONSTANT_CONVERSION = YES;
				CLANG_WARN_DEPRECATED_OBJC_IMPLEMENTATIONS = YES;
				CLANG_WARN_DIRECT_OBJC_ISA_USAGE = YES_ERROR;
				CLANG_WARN_EMPTY_BODY = YES;
				CLANG_WARN_ENUM_CONVERSION = YES;
				CLANG_WARN_INFINITE_RECURSION = YES;
				CLANG_WARN_INT_CONVERSION = YES;
				CLANG_WARN_NON_LITERAL_NULL_CONVERSION = YES;
				CLANG_WARN_OBJC_IMPLICIT_RETAIN_SELF = YES;
				CLANG_WARN_OBJC_LITERAL_CONVERSION = YES;
				CLANG_WARN_OBJC_ROOT_CLASS = YES_ERROR;
				CLANG_WARN_QUOTED_INCLUDE_IN_FRAMEWORK_HEADER = YES;
				CLANG_WARN_RANGE_LOOP_ANALYSIS = YES;
				CLANG_WARN_STRICT_PROTOTYPES = YES;
				CLANG_WARN_SUSPICIOUS_MOVE = YES;
				CLANG_WARN_UNREACHABLE_CODE = YES;
				CLANG_WARN__DUPLICATE_METHOD_MATCH = YES;
				"CODE_SIGN_IDENTITY[sdk=iphoneos*]" = "iPhone Developer";
				COPY_PHASE_STRIP = YES;
				ENABLE_NS_ASSERTIONS = NO;
				ENABLE_STRICT_OBJC_MSGSEND = YES;
				"EXCLUDED_ARCHS[sdk=iphonesimulator*]" = "";
				GCC_C_LANGUAGE_STANDARD = gnu99;
				GCC_NO_COMMON_BLOCKS = YES;
				GCC_WARN_64_TO_32_BIT_CONVERSION = YES;
				GCC_WARN_ABOUT_RETURN_TYPE = YES_ERROR;
				GCC_WARN_UNDECLARED_SELECTOR = YES;
				GCC_WARN_UNINITIALIZED_AUTOS = YES_AGGRESSIVE;
				GCC_WARN_UNUSED_FUNCTION = YES;
				GCC_WARN_UNUSED_VARIABLE = YES;
				IPHONEOS_DEPLOYMENT_TARGET = 15.1;
				LD_RUNPATH_SEARCH_PATHS = (
					/usr/lib/swift,
					"$(inherited)",
				);
				LIBRARY_SEARCH_PATHS = (
					"\"$(SDKROOT)/usr/lib/swift\"",
					"\"$(TOOLCHAIN_DIR)/usr/lib/swift/$(PLATFORM_NAME)\"",
					"\"$(inherited)\"",
				);
				MTL_ENABLE_DEBUG_INFO = NO;
				OTHER_CPLUSPLUSFLAGS = (
					"$(OTHER_CFLAGS)",
					"-DFOLLY_NO_CONFIG",
					"-DFOLLY_MOBILE=1",
					"-DFOLLY_USE_LIBCPP=1",
					"-DFOLLY_CFG_NO_COROUTINES=1",
					"-DFOLLY_HAVE_CLOCK_GETTIME=1",
				);
				OTHER_LDFLAGS = (
					"$(inherited)",
					" ",
				);
				REACT_NATIVE_PATH = "${PODS_ROOT}/../../node_modules/react-native";
				SDKROOT = iphoneos;
				USE_HERMES = true;
				VALIDATE_PRODUCT = YES;
			};
			name = Release;
		};
/* End XCBuildConfiguration section */

/* Begin XCConfigurationList section */
		13B07F931A680F5B00A75B9A /* Build configuration list for PBXNativeTarget "Lunea" */ = {
			isa = XCConfigurationList;
			buildConfigurations = (
				13B07F941A680F5B00A75B9A /* Debug */,
				13B07F951A680F5B00A75B9A /* Release */,
			);
			defaultConfigurationIsVisible = 0;
			defaultConfigurationName = Release;
		};
		83CBB9FA1A601CBA00E9B192 /* Build configuration list for PBXProject "Lunea" */ = {
			isa = XCConfigurationList;
			buildConfigurations = (
				83CBBA201A601CBA00E9B192 /* Debug */,
				83CBBA211A601CBA00E9B192 /* Release */,
			);
			defaultConfigurationIsVisible = 0;
			defaultConfigurationName = Release;
		};
/* End XCConfigurationList section */
	};
	rootObject = 83CBB9F71A601CBA00E9B192 /* Project object */;
}
